
Microsoft Visual Studio Solution File, Format Version 12.00
# Visual Studio 15
VisualStudioVersion = 15.0.26124.0
MinimumVisualStudioVersion = 15.0.26124.0
Project("{FAE04EC0-301F-11D3-BF4B-00C04F79EFBC}") = "Day01", "Day01\Day01.csproj", "{9AAF9657-73EF-4702-BCFA-2572F55AD1BF}"
EndProject
Project("{FAE04EC0-301F-11D3-BF4B-00C04F79EFBC}") = "Day02", "Day02\Day02.csproj", "{3EDC4F49-06A1-4329-9149-F6D999A54413}"
EndProject
Project("{FAE04EC0-301F-11D3-BF4B-00C04F79EFBC}") = "Day03", "Day03\Day03.csproj", "{AB553CEC-C8E7-49DC-ACF0-C9E7B86F5DBF}"
EndProject
Project("{FAE04EC0-301F-11D3-BF4B-00C04F79EFBC}") = "Day04", "Day04\Day04.csproj", "{E678D2A1-EB5C-4785-978B-A8B3A94B4CE7}"
EndProject
Project("{FAE04EC0-301F-11D3-BF4B-00C04F79EFBC}") = "Day05", "Day05\Day05.csproj", "{847E119B-4150-457B-B1DE-10A5CF29F5B9}"
EndProject
Project("{FAE04EC0-301F-11D3-BF4B-00C04F79EFBC}") = "Day06", "Day06\Day06.csproj", "{1D17D484-786F-4FA4-BEF6-F3704E8668CE}"
EndProject
Project("{FAE04EC0-301F-11D3-BF4B-00C04F79EFBC}") = "UnitTests", "UnitTests\UnitTests.csproj", "{42F84CB2-1FEE-4AA0-8684-8E5CCC4D0410}"
EndProject
Global
	GlobalSection(SolutionConfigurationPlatforms) = preSolution
		Debug|Any CPU = Debug|Any CPU
		Debug|x64 = Debug|x64
		Debug|x86 = Debug|x86
		Release|Any CPU = Release|Any CPU
		Release|x64 = Release|x64
		Release|x86 = Release|x86
	EndGlobalSection
	GlobalSection(SolutionProperties) = preSolution
		HideSolutionNode = FALSE
	EndGlobalSection
	GlobalSection(ProjectConfigurationPlatforms) = postSolution
		{9AAF9657-73EF-4702-BCFA-2572F55AD1BF}.Debug|Any CPU.ActiveCfg = Debug|Any CPU
		{9AAF9657-73EF-4702-BCFA-2572F55AD1BF}.Debug|Any CPU.Build.0 = Debug|Any CPU
		{9AAF9657-73EF-4702-BCFA-2572F55AD1BF}.Debug|x64.ActiveCfg = Debug|Any CPU
		{9AAF9657-73EF-4702-BCFA-2572F55AD1BF}.Debug|x64.Build.0 = Debug|Any CPU
		{9AAF9657-73EF-4702-BCFA-2572F55AD1BF}.Debug|x86.ActiveCfg = Debug|Any CPU
		{9AAF9657-73EF-4702-BCFA-2572F55AD1BF}.Debug|x86.Build.0 = Debug|Any CPU
		{9AAF9657-73EF-4702-BCFA-2572F55AD1BF}.Release|Any CPU.ActiveCfg = Release|Any CPU
		{9AAF9657-73EF-4702-BCFA-2572F55AD1BF}.Release|Any CPU.Build.0 = Release|Any CPU
		{9AAF9657-73EF-4702-BCFA-2572F55AD1BF}.Release|x64.ActiveCfg = Release|Any CPU
		{9AAF9657-73EF-4702-BCFA-2572F55AD1BF}.Release|x64.Build.0 = Release|Any CPU
		{9AAF9657-73EF-4702-BCFA-2572F55AD1BF}.Release|x86.ActiveCfg = Release|Any CPU
		{9AAF9657-73EF-4702-BCFA-2572F55AD1BF}.Release|x86.Build.0 = Release|Any CPU
		{3EDC4F49-06A1-4329-9149-F6D999A54413}.Debug|Any CPU.ActiveCfg = Debug|Any CPU
		{3EDC4F49-06A1-4329-9149-F6D999A54413}.Debug|Any CPU.Build.0 = Debug|Any CPU
		{3EDC4F49-06A1-4329-9149-F6D999A54413}.Debug|x64.ActiveCfg = Debug|Any CPU
		{3EDC4F49-06A1-4329-9149-F6D999A54413}.Debug|x64.Build.0 = Debug|Any CPU
		{3EDC4F49-06A1-4329-9149-F6D999A54413}.Debug|x86.ActiveCfg = Debug|Any CPU
		{3EDC4F49-06A1-4329-9149-F6D999A54413}.Debug|x86.Build.0 = Debug|Any CPU
		{3EDC4F49-06A1-4329-9149-F6D999A54413}.Release|Any CPU.ActiveCfg = Release|Any CPU
		{3EDC4F49-06A1-4329-9149-F6D999A54413}.Release|Any CPU.Build.0 = Release|Any CPU
		{3EDC4F49-06A1-4329-9149-F6D999A54413}.Release|x64.ActiveCfg = Release|Any CPU
		{3EDC4F49-06A1-4329-9149-F6D999A54413}.Release|x64.Build.0 = Release|Any CPU
		{3EDC4F49-06A1-4329-9149-F6D999A54413}.Release|x86.ActiveCfg = Release|Any CPU
		{3EDC4F49-06A1-4329-9149-F6D999A54413}.Release|x86.Build.0 = Release|Any CPU
		{AB553CEC-C8E7-49DC-ACF0-C9E7B86F5DBF}.Debug|Any CPU.ActiveCfg = Debug|Any CPU
		{AB553CEC-C8E7-49DC-ACF0-C9E7B86F5DBF}.Debug|Any CPU.Build.0 = Debug|Any CPU
		{AB553CEC-C8E7-49DC-ACF0-C9E7B86F5DBF}.Debug|x64.ActiveCfg = Debug|Any CPU
		{AB553CEC-C8E7-49DC-ACF0-C9E7B86F5DBF}.Debug|x64.Build.0 = Debug|Any CPU
		{AB553CEC-C8E7-49DC-ACF0-C9E7B86F5DBF}.Debug|x86.ActiveCfg = Debug|Any CPU
		{AB553CEC-C8E7-49DC-ACF0-C9E7B86F5DBF}.Debug|x86.Build.0 = Debug|Any CPU
		{AB553CEC-C8E7-49DC-ACF0-C9E7B86F5DBF}.Release|Any CPU.ActiveCfg = Release|Any CPU
		{AB553CEC-C8E7-49DC-ACF0-C9E7B86F5DBF}.Release|Any CPU.Build.0 = Release|Any CPU
		{AB553CEC-C8E7-49DC-ACF0-C9E7B86F5DBF}.Release|x64.ActiveCfg = Release|Any CPU
		{AB553CEC-C8E7-49DC-ACF0-C9E7B86F5DBF}.Release|x64.Build.0 = Release|Any CPU
		{AB553CEC-C8E7-49DC-ACF0-C9E7B86F5DBF}.Release|x86.ActiveCfg = Release|Any CPU
		{AB553CEC-C8E7-49DC-ACF0-C9E7B86F5DBF}.Release|x86.Build.0 = Release|Any CPU
		{E678D2A1-EB5C-4785-978B-A8B3A94B4CE7}.Debug|Any CPU.ActiveCfg = Debug|Any CPU
		{E678D2A1-EB5C-4785-978B-A8B3A94B4CE7}.Debug|Any CPU.Build.0 = Debug|Any CPU
		{E678D2A1-EB5C-4785-978B-A8B3A94B4CE7}.Debug|x64.ActiveCfg = Debug|Any CPU
		{E678D2A1-EB5C-4785-978B-A8B3A94B4CE7}.Debug|x64.Build.0 = Debug|Any CPU
		{E678D2A1-EB5C-4785-978B-A8B3A94B4CE7}.Debug|x86.ActiveCfg = Debug|Any CPU
		{E678D2A1-EB5C-4785-978B-A8B3A94B4CE7}.Debug|x86.Build.0 = Debug|Any CPU
		{E678D2A1-EB5C-4785-978B-A8B3A94B4CE7}.Release|Any CPU.ActiveCfg = Release|Any CPU
		{E678D2A1-EB5C-4785-978B-A8B3A94B4CE7}.Release|Any CPU.Build.0 = Release|Any CPU
		{E678D2A1-EB5C-4785-978B-A8B3A94B4CE7}.Release|x64.ActiveCfg = Release|Any CPU
		{E678D2A1-EB5C-4785-978B-A8B3A94B4CE7}.Release|x64.Build.0 = Release|Any CPU
		{E678D2A1-EB5C-4785-978B-A8B3A94B4CE7}.Release|x86.ActiveCfg = Release|Any CPU
		{E678D2A1-EB5C-4785-978B-A8B3A94B4CE7}.Release|x86.Build.0 = Release|Any CPU
		{847E119B-4150-457B-B1DE-10A5CF29F5B9}.Debug|Any CPU.ActiveCfg = Debug|Any CPU
		{847E119B-4150-457B-B1DE-10A5CF29F5B9}.Debug|Any CPU.Build.0 = Debug|Any CPU
		{847E119B-4150-457B-B1DE-10A5CF29F5B9}.Debug|x64.ActiveCfg = Debug|Any CPU
		{847E119B-4150-457B-B1DE-10A5CF29F5B9}.Debug|x64.Build.0 = Debug|Any CPU
		{847E119B-4150-457B-B1DE-10A5CF29F5B9}.Debug|x86.ActiveCfg = Debug|Any CPU
		{847E119B-4150-457B-B1DE-10A5CF29F5B9}.Debug|x86.Build.0 = Debug|Any CPU
		{847E119B-4150-457B-B1DE-10A5CF29F5B9}.Release|Any CPU.ActiveCfg = Release|Any CPU
		{847E119B-4150-457B-B1DE-10A5CF29F5B9}.Release|Any CPU.Build.0 = Release|Any CPU
		{847E119B-4150-457B-B1DE-10A5CF29F5B9}.Release|x64.ActiveCfg = Release|Any CPU
		{847E119B-4150-457B-B1DE-10A5CF29F5B9}.Release|x64.Build.0 = Release|Any CPU
		{847E119B-4150-457B-B1DE-10A5CF29F5B9}.Release|x86.ActiveCfg = Release|Any CPU
		{847E119B-4150-457B-B1DE-10A5CF29F5B9}.Release|x86.Build.0 = Release|Any CPU
		{1D17D484-786F-4FA4-BEF6-F3704E8668CE}.Debug|Any CPU.ActiveCfg = Debug|Any CPU
		{1D17D484-786F-4FA4-BEF6-F3704E8668CE}.Debug|Any CPU.Build.0 = Debug|Any CPU
		{1D17D484-786F-4FA4-BEF6-F3704E8668CE}.Debug|x64.ActiveCfg = Debug|Any CPU
		{1D17D484-786F-4FA4-BEF6-F3704E8668CE}.Debug|x64.Build.0 = Debug|Any CPU
		{1D17D484-786F-4FA4-BEF6-F3704E8668CE}.Debug|x86.ActiveCfg = Debug|Any CPU
		{1D17D484-786F-4FA4-BEF6-F3704E8668CE}.Debug|x86.Build.0 = Debug|Any CPU
		{1D17D484-786F-4FA4-BEF6-F3704E8668CE}.Release|Any CPU.ActiveCfg = Release|Any CPU
		{1D17D484-786F-4FA4-BEF6-F3704E8668CE}.Release|Any CPU.Build.0 = Release|Any CPU
		{1D17D484-786F-4FA4-BEF6-F3704E8668CE}.Release|x64.ActiveCfg = Release|Any CPU
		{1D17D484-786F-4FA4-BEF6-F3704E8668CE}.Release|x64.Build.0 = Release|Any CPU
		{1D17D484-786F-4FA4-BEF6-F3704E8668CE}.Release|x86.ActiveCfg = Release|Any CPU
		{1D17D484-786F-4FA4-BEF6-F3704E8668CE}.Release|x86.Build.0 = Release|Any CPU
		{42F84CB2-1FEE-4AA0-8684-8E5CCC4D0410}.Debug|Any CPU.ActiveCfg = Debug|Any CPU
		{42F84CB2-1FEE-4AA0-8684-8E5CCC4D0410}.Debug|Any CPU.Build.0 = Debug|Any CPU
		{42F84CB2-1FEE-4AA0-8684-8E5CCC4D0410}.Debug|x64.ActiveCfg = Debug|Any CPU
		{42F84CB2-1FEE-4AA0-8684-8E5CCC4D0410}.Debug|x64.Build.0 = Debug|Any CPU
		{42F84CB2-1FEE-4AA0-8684-8E5CCC4D0410}.Debug|x86.ActiveCfg = Debug|Any CPU
		{42F84CB2-1FEE-4AA0-8684-8E5CCC4D0410}.Debug|x86.Build.0 = Debug|Any CPU
		{42F84CB2-1FEE-4AA0-8684-8E5CCC4D0410}.Release|Any CPU.ActiveCfg = Release|Any CPU
		{42F84CB2-1FEE-4AA0-8684-8E5CCC4D0410}.Release|Any CPU.Build.0 = Release|Any CPU
		{42F84CB2-1FEE-4AA0-8684-8E5CCC4D0410}.Release|x64.ActiveCfg = Release|Any CPU
		{42F84CB2-1FEE-4AA0-8684-8E5CCC4D0410}.Release|x64.Build.0 = Release|Any CPU
		{42F84CB2-1FEE-4AA0-8684-8E5CCC4D0410}.Release|x86.ActiveCfg = Release|Any CPU
		{42F84CB2-1FEE-4AA0-8684-8E5CCC4D0410}.Release|x86.Build.0 = Release|Any CPU
	EndGlobalSection
EndGlobal
