
Microsoft Visual Studio Solution File, Format Version 12.00
# Visual Studio 15
VisualStudioVersion = 15.0.26124.0
MinimumVisualStudioVersion = 15.0.26124.0
Project("{FAE04EC0-301F-11D3-BF4B-00C04F79EFBC}") = "Day01", "Day01\Day01.csproj", "{9AAF9657-73EF-4702-BCFA-2572F55AD1BF}"
EndProject
Project("{FAE04EC0-301F-11D3-BF4B-00C04F79EFBC}") = "Day02", "Day02\Day02.csproj", "{3EDC4F49-06A1-4329-9149-F6D999A54413}"
EndProject
Project("{FAE04EC0-301F-11D3-BF4B-00C04F79EFBC}") = "Day03", "Day03\Day03.csproj", "{AB553CEC-C8E7-49DC-ACF0-C9E7B86F5DBF}"
EndProject
Project("{FAE04EC0-301F-11D3-BF4B-00C04F79EFBC}") = "Day05", "Day05\Day05.csproj", "{D9C8B5F1-6E41-463E-8C07-F405E4A8DBC8}"
EndProject
Project("{FAE04EC0-301F-11D3-BF4B-00C04F79EFBC}") = "UnitTests", "UnitTests\UnitTests.csproj", "{FC0CC2C9-A0FF-4C9B-808C-57FE63AA0BB0}"
EndProject
Project("{FAE04EC0-301F-11D3-BF4B-00C04F79EFBC}") = "Day06", "Day06\Day06.csproj", "{5F0EFFB1-456E-4617-AB2B-7DCA31FC1211}"
EndProject
Project("{FAE04EC0-301F-11D3-BF4B-00C04F79EFBC}") = "Day07", "Day07\Day07.csproj", "{4C57B7E6-B9E9-407F-871D-1E4038518DF3}"
EndProject
Project("{FAE04EC0-301F-11D3-BF4B-00C04F79EFBC}") = "Day04", "Day04\Day04.csproj", "{B8EA3BDD-EB67-4739-9725-1E3DFC4A9DEC}"
EndProject
Project("{FAE04EC0-301F-11D3-BF4B-00C04F79EFBC}") = "Day08", "Day08\Day08.csproj", "{992B2AD3-E477-4979-B803-C88E96223855}"
EndProject
Project("{FAE04EC0-301F-11D3-BF4B-00C04F79EFBC}") = "Day09", "Day09\Day09.csproj", "{7735DF45-02FC-433C-A087-D553EF380BFB}"
EndProject
Project("{FAE04EC0-301F-11D3-BF4B-00C04F79EFBC}") = "Day10", "Day10\Day10.csproj", "{6FA6498E-2726-4A2E-BDB4-BC6A67676B15}"
EndProject
Project("{FAE04EC0-301F-11D3-BF4B-00C04F79EFBC}") = "Day11", "Day11\Day11.csproj", "{5C374A26-0F2E-45CA-853F-9C9878E1E92E}"
EndProject
Project("{FAE04EC0-301F-11D3-BF4B-00C04F79EFBC}") = "Shared", "Shared\Shared.csproj", "{29112F6A-8050-489C-8E36-16B751E6779F}"
EndProject
Project("{FAE04EC0-301F-11D3-BF4B-00C04F79EFBC}") = "Day12", "Day12\Day12.csproj", "{60A62CFE-6D8D-4EB5-A885-6D21D9E8FC8E}"
EndProject
Project("{FAE04EC0-301F-11D3-BF4B-00C04F79EFBC}") = "Day13", "Day13\Day13.csproj", "{3DDC7A9C-BFA0-45E2-9259-31501B55873A}"
EndProject
Global
	GlobalSection(SolutionConfigurationPlatforms) = preSolution
		Debug|Any CPU = Debug|Any CPU
		Debug|x64 = Debug|x64
		Debug|x86 = Debug|x86
		Release|Any CPU = Release|Any CPU
		Release|x64 = Release|x64
		Release|x86 = Release|x86
	EndGlobalSection
	GlobalSection(SolutionProperties) = preSolution
		HideSolutionNode = FALSE
	EndGlobalSection
	GlobalSection(ProjectConfigurationPlatforms) = postSolution
		{9AAF9657-73EF-4702-BCFA-2572F55AD1BF}.Debug|Any CPU.ActiveCfg = Debug|Any CPU
		{9AAF9657-73EF-4702-BCFA-2572F55AD1BF}.Debug|Any CPU.Build.0 = Debug|Any CPU
		{9AAF9657-73EF-4702-BCFA-2572F55AD1BF}.Debug|x64.ActiveCfg = Debug|Any CPU
		{9AAF9657-73EF-4702-BCFA-2572F55AD1BF}.Debug|x64.Build.0 = Debug|Any CPU
		{9AAF9657-73EF-4702-BCFA-2572F55AD1BF}.Debug|x86.ActiveCfg = Debug|Any CPU
		{9AAF9657-73EF-4702-BCFA-2572F55AD1BF}.Debug|x86.Build.0 = Debug|Any CPU
		{9AAF9657-73EF-4702-BCFA-2572F55AD1BF}.Release|Any CPU.ActiveCfg = Release|Any CPU
		{9AAF9657-73EF-4702-BCFA-2572F55AD1BF}.Release|Any CPU.Build.0 = Release|Any CPU
		{9AAF9657-73EF-4702-BCFA-2572F55AD1BF}.Release|x64.ActiveCfg = Release|Any CPU
		{9AAF9657-73EF-4702-BCFA-2572F55AD1BF}.Release|x64.Build.0 = Release|Any CPU
		{9AAF9657-73EF-4702-BCFA-2572F55AD1BF}.Release|x86.ActiveCfg = Release|Any CPU
		{9AAF9657-73EF-4702-BCFA-2572F55AD1BF}.Release|x86.Build.0 = Release|Any CPU
		{3EDC4F49-06A1-4329-9149-F6D999A54413}.Debug|Any CPU.ActiveCfg = Debug|Any CPU
		{3EDC4F49-06A1-4329-9149-F6D999A54413}.Debug|Any CPU.Build.0 = Debug|Any CPU
		{3EDC4F49-06A1-4329-9149-F6D999A54413}.Debug|x64.ActiveCfg = Debug|Any CPU
		{3EDC4F49-06A1-4329-9149-F6D999A54413}.Debug|x64.Build.0 = Debug|Any CPU
		{3EDC4F49-06A1-4329-9149-F6D999A54413}.Debug|x86.ActiveCfg = Debug|Any CPU
		{3EDC4F49-06A1-4329-9149-F6D999A54413}.Debug|x86.Build.0 = Debug|Any CPU
		{3EDC4F49-06A1-4329-9149-F6D999A54413}.Release|Any CPU.ActiveCfg = Release|Any CPU
		{3EDC4F49-06A1-4329-9149-F6D999A54413}.Release|Any CPU.Build.0 = Release|Any CPU
		{3EDC4F49-06A1-4329-9149-F6D999A54413}.Release|x64.ActiveCfg = Release|Any CPU
		{3EDC4F49-06A1-4329-9149-F6D999A54413}.Release|x64.Build.0 = Release|Any CPU
		{3EDC4F49-06A1-4329-9149-F6D999A54413}.Release|x86.ActiveCfg = Release|Any CPU
		{3EDC4F49-06A1-4329-9149-F6D999A54413}.Release|x86.Build.0 = Release|Any CPU
		{AB553CEC-C8E7-49DC-ACF0-C9E7B86F5DBF}.Debug|Any CPU.ActiveCfg = Debug|Any CPU
		{AB553CEC-C8E7-49DC-ACF0-C9E7B86F5DBF}.Debug|Any CPU.Build.0 = Debug|Any CPU
		{AB553CEC-C8E7-49DC-ACF0-C9E7B86F5DBF}.Debug|x64.ActiveCfg = Debug|Any CPU
		{AB553CEC-C8E7-49DC-ACF0-C9E7B86F5DBF}.Debug|x64.Build.0 = Debug|Any CPU
		{AB553CEC-C8E7-49DC-ACF0-C9E7B86F5DBF}.Debug|x86.ActiveCfg = Debug|Any CPU
		{AB553CEC-C8E7-49DC-ACF0-C9E7B86F5DBF}.Debug|x86.Build.0 = Debug|Any CPU
		{AB553CEC-C8E7-49DC-ACF0-C9E7B86F5DBF}.Release|Any CPU.ActiveCfg = Release|Any CPU
		{AB553CEC-C8E7-49DC-ACF0-C9E7B86F5DBF}.Release|Any CPU.Build.0 = Release|Any CPU
		{AB553CEC-C8E7-49DC-ACF0-C9E7B86F5DBF}.Release|x64.ActiveCfg = Release|Any CPU
		{AB553CEC-C8E7-49DC-ACF0-C9E7B86F5DBF}.Release|x64.Build.0 = Release|Any CPU
		{AB553CEC-C8E7-49DC-ACF0-C9E7B86F5DBF}.Release|x86.ActiveCfg = Release|Any CPU
		{AB553CEC-C8E7-49DC-ACF0-C9E7B86F5DBF}.Release|x86.Build.0 = Release|Any CPU
		{D9C8B5F1-6E41-463E-8C07-F405E4A8DBC8}.Debug|Any CPU.ActiveCfg = Debug|Any CPU
		{D9C8B5F1-6E41-463E-8C07-F405E4A8DBC8}.Debug|Any CPU.Build.0 = Debug|Any CPU
		{D9C8B5F1-6E41-463E-8C07-F405E4A8DBC8}.Debug|x64.ActiveCfg = Debug|Any CPU
		{D9C8B5F1-6E41-463E-8C07-F405E4A8DBC8}.Debug|x64.Build.0 = Debug|Any CPU
		{D9C8B5F1-6E41-463E-8C07-F405E4A8DBC8}.Debug|x86.ActiveCfg = Debug|Any CPU
		{D9C8B5F1-6E41-463E-8C07-F405E4A8DBC8}.Debug|x86.Build.0 = Debug|Any CPU
		{D9C8B5F1-6E41-463E-8C07-F405E4A8DBC8}.Release|Any CPU.ActiveCfg = Release|Any CPU
		{D9C8B5F1-6E41-463E-8C07-F405E4A8DBC8}.Release|Any CPU.Build.0 = Release|Any CPU
		{D9C8B5F1-6E41-463E-8C07-F405E4A8DBC8}.Release|x64.ActiveCfg = Release|Any CPU
		{D9C8B5F1-6E41-463E-8C07-F405E4A8DBC8}.Release|x64.Build.0 = Release|Any CPU
		{D9C8B5F1-6E41-463E-8C07-F405E4A8DBC8}.Release|x86.ActiveCfg = Release|Any CPU
		{D9C8B5F1-6E41-463E-8C07-F405E4A8DBC8}.Release|x86.Build.0 = Release|Any CPU
		{FC0CC2C9-A0FF-4C9B-808C-57FE63AA0BB0}.Debug|Any CPU.ActiveCfg = Debug|Any CPU
		{FC0CC2C9-A0FF-4C9B-808C-57FE63AA0BB0}.Debug|Any CPU.Build.0 = Debug|Any CPU
		{FC0CC2C9-A0FF-4C9B-808C-57FE63AA0BB0}.Debug|x64.ActiveCfg = Debug|Any CPU
		{FC0CC2C9-A0FF-4C9B-808C-57FE63AA0BB0}.Debug|x64.Build.0 = Debug|Any CPU
		{FC0CC2C9-A0FF-4C9B-808C-57FE63AA0BB0}.Debug|x86.ActiveCfg = Debug|Any CPU
		{FC0CC2C9-A0FF-4C9B-808C-57FE63AA0BB0}.Debug|x86.Build.0 = Debug|Any CPU
		{FC0CC2C9-A0FF-4C9B-808C-57FE63AA0BB0}.Release|Any CPU.ActiveCfg = Release|Any CPU
		{FC0CC2C9-A0FF-4C9B-808C-57FE63AA0BB0}.Release|Any CPU.Build.0 = Release|Any CPU
		{FC0CC2C9-A0FF-4C9B-808C-57FE63AA0BB0}.Release|x64.ActiveCfg = Release|Any CPU
		{FC0CC2C9-A0FF-4C9B-808C-57FE63AA0BB0}.Release|x64.Build.0 = Release|Any CPU
		{FC0CC2C9-A0FF-4C9B-808C-57FE63AA0BB0}.Release|x86.ActiveCfg = Release|Any CPU
		{FC0CC2C9-A0FF-4C9B-808C-57FE63AA0BB0}.Release|x86.Build.0 = Release|Any CPU
		{5F0EFFB1-456E-4617-AB2B-7DCA31FC1211}.Debug|Any CPU.ActiveCfg = Debug|Any CPU
		{5F0EFFB1-456E-4617-AB2B-7DCA31FC1211}.Debug|Any CPU.Build.0 = Debug|Any CPU
		{5F0EFFB1-456E-4617-AB2B-7DCA31FC1211}.Debug|x64.ActiveCfg = Debug|Any CPU
		{5F0EFFB1-456E-4617-AB2B-7DCA31FC1211}.Debug|x64.Build.0 = Debug|Any CPU
		{5F0EFFB1-456E-4617-AB2B-7DCA31FC1211}.Debug|x86.ActiveCfg = Debug|Any CPU
		{5F0EFFB1-456E-4617-AB2B-7DCA31FC1211}.Debug|x86.Build.0 = Debug|Any CPU
		{5F0EFFB1-456E-4617-AB2B-7DCA31FC1211}.Release|Any CPU.ActiveCfg = Release|Any CPU
		{5F0EFFB1-456E-4617-AB2B-7DCA31FC1211}.Release|Any CPU.Build.0 = Release|Any CPU
		{5F0EFFB1-456E-4617-AB2B-7DCA31FC1211}.Release|x64.ActiveCfg = Release|Any CPU
		{5F0EFFB1-456E-4617-AB2B-7DCA31FC1211}.Release|x64.Build.0 = Release|Any CPU
		{5F0EFFB1-456E-4617-AB2B-7DCA31FC1211}.Release|x86.ActiveCfg = Release|Any CPU
		{5F0EFFB1-456E-4617-AB2B-7DCA31FC1211}.Release|x86.Build.0 = Release|Any CPU
		{4C57B7E6-B9E9-407F-871D-1E4038518DF3}.Debug|Any CPU.ActiveCfg = Debug|Any CPU
		{4C57B7E6-B9E9-407F-871D-1E4038518DF3}.Debug|Any CPU.Build.0 = Debug|Any CPU
		{4C57B7E6-B9E9-407F-871D-1E4038518DF3}.Debug|x64.ActiveCfg = Debug|Any CPU
		{4C57B7E6-B9E9-407F-871D-1E4038518DF3}.Debug|x64.Build.0 = Debug|Any CPU
		{4C57B7E6-B9E9-407F-871D-1E4038518DF3}.Debug|x86.ActiveCfg = Debug|Any CPU
		{4C57B7E6-B9E9-407F-871D-1E4038518DF3}.Debug|x86.Build.0 = Debug|Any CPU
		{4C57B7E6-B9E9-407F-871D-1E4038518DF3}.Release|Any CPU.ActiveCfg = Release|Any CPU
		{4C57B7E6-B9E9-407F-871D-1E4038518DF3}.Release|Any CPU.Build.0 = Release|Any CPU
		{4C57B7E6-B9E9-407F-871D-1E4038518DF3}.Release|x64.ActiveCfg = Release|Any CPU
		{4C57B7E6-B9E9-407F-871D-1E4038518DF3}.Release|x64.Build.0 = Release|Any CPU
		{4C57B7E6-B9E9-407F-871D-1E4038518DF3}.Release|x86.ActiveCfg = Release|Any CPU
		{4C57B7E6-B9E9-407F-871D-1E4038518DF3}.Release|x86.Build.0 = Release|Any CPU
		{B8EA3BDD-EB67-4739-9725-1E3DFC4A9DEC}.Debug|Any CPU.ActiveCfg = Debug|Any CPU
		{B8EA3BDD-EB67-4739-9725-1E3DFC4A9DEC}.Debug|Any CPU.Build.0 = Debug|Any CPU
		{B8EA3BDD-EB67-4739-9725-1E3DFC4A9DEC}.Debug|x64.ActiveCfg = Debug|Any CPU
		{B8EA3BDD-EB67-4739-9725-1E3DFC4A9DEC}.Debug|x64.Build.0 = Debug|Any CPU
		{B8EA3BDD-EB67-4739-9725-1E3DFC4A9DEC}.Debug|x86.ActiveCfg = Debug|Any CPU
		{B8EA3BDD-EB67-4739-9725-1E3DFC4A9DEC}.Debug|x86.Build.0 = Debug|Any CPU
		{B8EA3BDD-EB67-4739-9725-1E3DFC4A9DEC}.Release|Any CPU.ActiveCfg = Release|Any CPU
		{B8EA3BDD-EB67-4739-9725-1E3DFC4A9DEC}.Release|Any CPU.Build.0 = Release|Any CPU
		{B8EA3BDD-EB67-4739-9725-1E3DFC4A9DEC}.Release|x64.ActiveCfg = Release|Any CPU
		{B8EA3BDD-EB67-4739-9725-1E3DFC4A9DEC}.Release|x64.Build.0 = Release|Any CPU
		{B8EA3BDD-EB67-4739-9725-1E3DFC4A9DEC}.Release|x86.ActiveCfg = Release|Any CPU
		{B8EA3BDD-EB67-4739-9725-1E3DFC4A9DEC}.Release|x86.Build.0 = Release|Any CPU
		{992B2AD3-E477-4979-B803-C88E96223855}.Debug|Any CPU.ActiveCfg = Debug|Any CPU
		{992B2AD3-E477-4979-B803-C88E96223855}.Debug|Any CPU.Build.0 = Debug|Any CPU
		{992B2AD3-E477-4979-B803-C88E96223855}.Debug|x64.ActiveCfg = Debug|Any CPU
		{992B2AD3-E477-4979-B803-C88E96223855}.Debug|x64.Build.0 = Debug|Any CPU
		{992B2AD3-E477-4979-B803-C88E96223855}.Debug|x86.ActiveCfg = Debug|Any CPU
		{992B2AD3-E477-4979-B803-C88E96223855}.Debug|x86.Build.0 = Debug|Any CPU
		{992B2AD3-E477-4979-B803-C88E96223855}.Release|Any CPU.ActiveCfg = Release|Any CPU
		{992B2AD3-E477-4979-B803-C88E96223855}.Release|Any CPU.Build.0 = Release|Any CPU
		{992B2AD3-E477-4979-B803-C88E96223855}.Release|x64.ActiveCfg = Release|Any CPU
		{992B2AD3-E477-4979-B803-C88E96223855}.Release|x64.Build.0 = Release|Any CPU
		{992B2AD3-E477-4979-B803-C88E96223855}.Release|x86.ActiveCfg = Release|Any CPU
		{992B2AD3-E477-4979-B803-C88E96223855}.Release|x86.Build.0 = Release|Any CPU
		{7735DF45-02FC-433C-A087-D553EF380BFB}.Debug|Any CPU.ActiveCfg = Debug|Any CPU
		{7735DF45-02FC-433C-A087-D553EF380BFB}.Debug|Any CPU.Build.0 = Debug|Any CPU
		{7735DF45-02FC-433C-A087-D553EF380BFB}.Debug|x64.ActiveCfg = Debug|Any CPU
		{7735DF45-02FC-433C-A087-D553EF380BFB}.Debug|x64.Build.0 = Debug|Any CPU
		{7735DF45-02FC-433C-A087-D553EF380BFB}.Debug|x86.ActiveCfg = Debug|Any CPU
		{7735DF45-02FC-433C-A087-D553EF380BFB}.Debug|x86.Build.0 = Debug|Any CPU
		{7735DF45-02FC-433C-A087-D553EF380BFB}.Release|Any CPU.ActiveCfg = Release|Any CPU
		{7735DF45-02FC-433C-A087-D553EF380BFB}.Release|Any CPU.Build.0 = Release|Any CPU
		{7735DF45-02FC-433C-A087-D553EF380BFB}.Release|x64.ActiveCfg = Release|Any CPU
		{7735DF45-02FC-433C-A087-D553EF380BFB}.Release|x64.Build.0 = Release|Any CPU
		{7735DF45-02FC-433C-A087-D553EF380BFB}.Release|x86.ActiveCfg = Release|Any CPU
		{7735DF45-02FC-433C-A087-D553EF380BFB}.Release|x86.Build.0 = Release|Any CPU
		{6FA6498E-2726-4A2E-BDB4-BC6A67676B15}.Debug|Any CPU.ActiveCfg = Debug|Any CPU
		{6FA6498E-2726-4A2E-BDB4-BC6A67676B15}.Debug|Any CPU.Build.0 = Debug|Any CPU
		{6FA6498E-2726-4A2E-BDB4-BC6A67676B15}.Debug|x64.ActiveCfg = Debug|Any CPU
		{6FA6498E-2726-4A2E-BDB4-BC6A67676B15}.Debug|x64.Build.0 = Debug|Any CPU
		{6FA6498E-2726-4A2E-BDB4-BC6A67676B15}.Debug|x86.ActiveCfg = Debug|Any CPU
		{6FA6498E-2726-4A2E-BDB4-BC6A67676B15}.Debug|x86.Build.0 = Debug|Any CPU
		{6FA6498E-2726-4A2E-BDB4-BC6A67676B15}.Release|Any CPU.ActiveCfg = Release|Any CPU
		{6FA6498E-2726-4A2E-BDB4-BC6A67676B15}.Release|Any CPU.Build.0 = Release|Any CPU
		{6FA6498E-2726-4A2E-BDB4-BC6A67676B15}.Release|x64.ActiveCfg = Release|Any CPU
		{6FA6498E-2726-4A2E-BDB4-BC6A67676B15}.Release|x64.Build.0 = Release|Any CPU
		{6FA6498E-2726-4A2E-BDB4-BC6A67676B15}.Release|x86.ActiveCfg = Release|Any CPU
		{6FA6498E-2726-4A2E-BDB4-BC6A67676B15}.Release|x86.Build.0 = Release|Any CPU
		{5C374A26-0F2E-45CA-853F-9C9878E1E92E}.Debug|Any CPU.ActiveCfg = Debug|Any CPU
		{5C374A26-0F2E-45CA-853F-9C9878E1E92E}.Debug|Any CPU.Build.0 = Debug|Any CPU
		{5C374A26-0F2E-45CA-853F-9C9878E1E92E}.Debug|x64.ActiveCfg = Debug|Any CPU
		{5C374A26-0F2E-45CA-853F-9C9878E1E92E}.Debug|x64.Build.0 = Debug|Any CPU
		{5C374A26-0F2E-45CA-853F-9C9878E1E92E}.Debug|x86.ActiveCfg = Debug|Any CPU
		{5C374A26-0F2E-45CA-853F-9C9878E1E92E}.Debug|x86.Build.0 = Debug|Any CPU
		{5C374A26-0F2E-45CA-853F-9C9878E1E92E}.Release|Any CPU.ActiveCfg = Release|Any CPU
		{5C374A26-0F2E-45CA-853F-9C9878E1E92E}.Release|Any CPU.Build.0 = Release|Any CPU
		{5C374A26-0F2E-45CA-853F-9C9878E1E92E}.Release|x64.ActiveCfg = Release|Any CPU
		{5C374A26-0F2E-45CA-853F-9C9878E1E92E}.Release|x64.Build.0 = Release|Any CPU
		{5C374A26-0F2E-45CA-853F-9C9878E1E92E}.Release|x86.ActiveCfg = Release|Any CPU
		{5C374A26-0F2E-45CA-853F-9C9878E1E92E}.Release|x86.Build.0 = Release|Any CPU
		{29112F6A-8050-489C-8E36-16B751E6779F}.Debug|Any CPU.ActiveCfg = Debug|Any CPU
		{29112F6A-8050-489C-8E36-16B751E6779F}.Debug|Any CPU.Build.0 = Debug|Any CPU
		{29112F6A-8050-489C-8E36-16B751E6779F}.Debug|x64.ActiveCfg = Debug|Any CPU
		{29112F6A-8050-489C-8E36-16B751E6779F}.Debug|x64.Build.0 = Debug|Any CPU
		{29112F6A-8050-489C-8E36-16B751E6779F}.Debug|x86.ActiveCfg = Debug|Any CPU
		{29112F6A-8050-489C-8E36-16B751E6779F}.Debug|x86.Build.0 = Debug|Any CPU
		{29112F6A-8050-489C-8E36-16B751E6779F}.Release|Any CPU.ActiveCfg = Release|Any CPU
		{29112F6A-8050-489C-8E36-16B751E6779F}.Release|Any CPU.Build.0 = Release|Any CPU
		{29112F6A-8050-489C-8E36-16B751E6779F}.Release|x64.ActiveCfg = Release|Any CPU
		{29112F6A-8050-489C-8E36-16B751E6779F}.Release|x64.Build.0 = Release|Any CPU
		{29112F6A-8050-489C-8E36-16B751E6779F}.Release|x86.ActiveCfg = Release|Any CPU
		{29112F6A-8050-489C-8E36-16B751E6779F}.Release|x86.Build.0 = Release|Any CPU
		{60A62CFE-6D8D-4EB5-A885-6D21D9E8FC8E}.Debug|Any CPU.ActiveCfg = Debug|Any CPU
		{60A62CFE-6D8D-4EB5-A885-6D21D9E8FC8E}.Debug|Any CPU.Build.0 = Debug|Any CPU
		{60A62CFE-6D8D-4EB5-A885-6D21D9E8FC8E}.Debug|x64.ActiveCfg = Debug|Any CPU
		{60A62CFE-6D8D-4EB5-A885-6D21D9E8FC8E}.Debug|x64.Build.0 = Debug|Any CPU
		{60A62CFE-6D8D-4EB5-A885-6D21D9E8FC8E}.Debug|x86.ActiveCfg = Debug|Any CPU
		{60A62CFE-6D8D-4EB5-A885-6D21D9E8FC8E}.Debug|x86.Build.0 = Debug|Any CPU
		{60A62CFE-6D8D-4EB5-A885-6D21D9E8FC8E}.Release|Any CPU.ActiveCfg = Release|Any CPU
		{60A62CFE-6D8D-4EB5-A885-6D21D9E8FC8E}.Release|Any CPU.Build.0 = Release|Any CPU
		{60A62CFE-6D8D-4EB5-A885-6D21D9E8FC8E}.Release|x64.ActiveCfg = Release|Any CPU
		{60A62CFE-6D8D-4EB5-A885-6D21D9E8FC8E}.Release|x64.Build.0 = Release|Any CPU
		{60A62CFE-6D8D-4EB5-A885-6D21D9E8FC8E}.Release|x86.ActiveCfg = Release|Any CPU
		{60A62CFE-6D8D-4EB5-A885-6D21D9E8FC8E}.Release|x86.Build.0 = Release|Any CPU
		{3DDC7A9C-BFA0-45E2-9259-31501B55873A}.Debug|Any CPU.ActiveCfg = Debug|Any CPU
		{3DDC7A9C-BFA0-45E2-9259-31501B55873A}.Debug|Any CPU.Build.0 = Debug|Any CPU
		{3DDC7A9C-BFA0-45E2-9259-31501B55873A}.Debug|x64.ActiveCfg = Debug|Any CPU
		{3DDC7A9C-BFA0-45E2-9259-31501B55873A}.Debug|x64.Build.0 = Debug|Any CPU
		{3DDC7A9C-BFA0-45E2-9259-31501B55873A}.Debug|x86.ActiveCfg = Debug|Any CPU
		{3DDC7A9C-BFA0-45E2-9259-31501B55873A}.Debug|x86.Build.0 = Debug|Any CPU
		{3DDC7A9C-BFA0-45E2-9259-31501B55873A}.Release|Any CPU.ActiveCfg = Release|Any CPU
		{3DDC7A9C-BFA0-45E2-9259-31501B55873A}.Release|Any CPU.Build.0 = Release|Any CPU
		{3DDC7A9C-BFA0-45E2-9259-31501B55873A}.Release|x64.ActiveCfg = Release|Any CPU
		{3DDC7A9C-BFA0-45E2-9259-31501B55873A}.Release|x64.Build.0 = Release|Any CPU
		{3DDC7A9C-BFA0-45E2-9259-31501B55873A}.Release|x86.ActiveCfg = Release|Any CPU
		{3DDC7A9C-BFA0-45E2-9259-31501B55873A}.Release|x86.Build.0 = Release|Any CPU
	EndGlobalSection
EndGlobal
