
Microsoft Visual Studio Solution File, Format Version 12.00
# Visual Studio Version 16
VisualStudioVersion = 16.0.30114.105
MinimumVisualStudioVersion = 10.0.40219.1
Project("{FAE04EC0-301F-11D3-BF4B-00C04F79EFBC}") = "Day1", "Day1\Day1.csproj", "{5437A912-2F63-46A5-BC23-5E2C52E2DB53}"
EndProject
Project("{FAE04EC0-301F-11D3-BF4B-00C04F79EFBC}") = "Day2", "Day2\Day2.csproj", "{5D8049EB-2CAF-44B4-AFDA-BD154365B759}"
EndProject
Project("{FAE04EC0-301F-11D3-BF4B-00C04F79EFBC}") = "Day3", "Day3\Day3.csproj", "{A6ADA5BB-1C39-4743-B98D-2035B5EEDD66}"
EndProject
Project("{FAE04EC0-301F-11D3-BF4B-00C04F79EFBC}") = "Day4", "Day4\Day4.csproj", "{80F63D0F-BFC7-4847-99FC-92B4A0714D77}"
EndProject
Project("{FAE04EC0-301F-11D3-BF4B-00C04F79EFBC}") = "Day5", "Day5\Day5.csproj", "{EB5A41D0-CDB9-460A-80F5-BABB348E0BFB}"
EndProject
Project("{FAE04EC0-301F-11D3-BF4B-00C04F79EFBC}") = "Day6", "Day6\Day6.csproj", "{EA35D91B-4D26-4AAA-ABAD-B3FA9C8D80FF}"
EndProject
Project("{FAE04EC0-301F-11D3-BF4B-00C04F79EFBC}") = "Day7", "Day7\Day7.csproj", "{2AA07FB0-01A5-46FF-8FA4-2D8E4E4548B5}"
EndProject
Project("{FAE04EC0-301F-11D3-BF4B-00C04F79EFBC}") = "Day8", "Day8\Day8.csproj", "{8BE6C88F-67A9-444D-8B6D-118337BEB190}"
EndProject
Project("{FAE04EC0-301F-11D3-BF4B-00C04F79EFBC}") = "Day9", "Day9\Day9.csproj", "{BFFE3869-ACA1-42F1-A993-3EDED094F78A}"
EndProject
Project("{FAE04EC0-301F-11D3-BF4B-00C04F79EFBC}") = "Day10", "Day10\Day10.csproj", "{5515FCF3-2710-4E1C-A7FC-598F9DD839F6}"
EndProject
Project("{FAE04EC0-301F-11D3-BF4B-00C04F79EFBC}") = "Day11", "Day11\Day11.csproj", "{B41A8C2D-8963-4E54-B23F-B4FCB1C1D4A0}"
EndProject
Global
	GlobalSection(SolutionConfigurationPlatforms) = preSolution
		Debug|Any CPU = Debug|Any CPU
		Release|Any CPU = Release|Any CPU
	EndGlobalSection
	GlobalSection(SolutionProperties) = preSolution
		HideSolutionNode = FALSE
	EndGlobalSection
	GlobalSection(ProjectConfigurationPlatforms) = postSolution
		{5437A912-2F63-46A5-BC23-5E2C52E2DB53}.Debug|Any CPU.ActiveCfg = Debug|Any CPU
		{5437A912-2F63-46A5-BC23-5E2C52E2DB53}.Debug|Any CPU.Build.0 = Debug|Any CPU
		{5437A912-2F63-46A5-BC23-5E2C52E2DB53}.Release|Any CPU.ActiveCfg = Release|Any CPU
		{5437A912-2F63-46A5-BC23-5E2C52E2DB53}.Release|Any CPU.Build.0 = Release|Any CPU
		{5D8049EB-2CAF-44B4-AFDA-BD154365B759}.Debug|Any CPU.ActiveCfg = Debug|Any CPU
		{5D8049EB-2CAF-44B4-AFDA-BD154365B759}.Debug|Any CPU.Build.0 = Debug|Any CPU
		{5D8049EB-2CAF-44B4-AFDA-BD154365B759}.Release|Any CPU.ActiveCfg = Release|Any CPU
		{5D8049EB-2CAF-44B4-AFDA-BD154365B759}.Release|Any CPU.Build.0 = Release|Any CPU
		{A6ADA5BB-1C39-4743-B98D-2035B5EEDD66}.Debug|Any CPU.ActiveCfg = Debug|Any CPU
		{A6ADA5BB-1C39-4743-B98D-2035B5EEDD66}.Debug|Any CPU.Build.0 = Debug|Any CPU
		{A6ADA5BB-1C39-4743-B98D-2035B5EEDD66}.Release|Any CPU.ActiveCfg = Release|Any CPU
		{A6ADA5BB-1C39-4743-B98D-2035B5EEDD66}.Release|Any CPU.Build.0 = Release|Any CPU
		{80F63D0F-BFC7-4847-99FC-92B4A0714D77}.Debug|Any CPU.ActiveCfg = Debug|Any CPU
		{80F63D0F-BFC7-4847-99FC-92B4A0714D77}.Debug|Any CPU.Build.0 = Debug|Any CPU
		{80F63D0F-BFC7-4847-99FC-92B4A0714D77}.Release|Any CPU.ActiveCfg = Release|Any CPU
		{80F63D0F-BFC7-4847-99FC-92B4A0714D77}.Release|Any CPU.Build.0 = Release|Any CPU
		{EB5A41D0-CDB9-460A-80F5-BABB348E0BFB}.Debug|Any CPU.ActiveCfg = Debug|Any CPU
		{EB5A41D0-CDB9-460A-80F5-BABB348E0BFB}.Debug|Any CPU.Build.0 = Debug|Any CPU
		{EB5A41D0-CDB9-460A-80F5-BABB348E0BFB}.Release|Any CPU.ActiveCfg = Release|Any CPU
		{EB5A41D0-CDB9-460A-80F5-BABB348E0BFB}.Release|Any CPU.Build.0 = Release|Any CPU
		{EA35D91B-4D26-4AAA-ABAD-B3FA9C8D80FF}.Debug|Any CPU.ActiveCfg = Debug|Any CPU
		{EA35D91B-4D26-4AAA-ABAD-B3FA9C8D80FF}.Debug|Any CPU.Build.0 = Debug|Any CPU
		{EA35D91B-4D26-4AAA-ABAD-B3FA9C8D80FF}.Release|Any CPU.ActiveCfg = Release|Any CPU
		{EA35D91B-4D26-4AAA-ABAD-B3FA9C8D80FF}.Release|Any CPU.Build.0 = Release|Any CPU
		{2AA07FB0-01A5-46FF-8FA4-2D8E4E4548B5}.Debug|Any CPU.ActiveCfg = Debug|Any CPU
		{2AA07FB0-01A5-46FF-8FA4-2D8E4E4548B5}.Debug|Any CPU.Build.0 = Debug|Any CPU
		{2AA07FB0-01A5-46FF-8FA4-2D8E4E4548B5}.Release|Any CPU.ActiveCfg = Release|Any CPU
		{2AA07FB0-01A5-46FF-8FA4-2D8E4E4548B5}.Release|Any CPU.Build.0 = Release|Any CPU
		{8BE6C88F-67A9-444D-8B6D-118337BEB190}.Debug|Any CPU.ActiveCfg = Debug|Any CPU
		{8BE6C88F-67A9-444D-8B6D-118337BEB190}.Debug|Any CPU.Build.0 = Debug|Any CPU
		{8BE6C88F-67A9-444D-8B6D-118337BEB190}.Release|Any CPU.ActiveCfg = Release|Any CPU
		{8BE6C88F-67A9-444D-8B6D-118337BEB190}.Release|Any CPU.Build.0 = Release|Any CPU
		{BFFE3869-ACA1-42F1-A993-3EDED094F78A}.Debug|Any CPU.ActiveCfg = Debug|Any CPU
		{BFFE3869-ACA1-42F1-A993-3EDED094F78A}.Debug|Any CPU.Build.0 = Debug|Any CPU
		{BFFE3869-ACA1-42F1-A993-3EDED094F78A}.Release|Any CPU.ActiveCfg = Release|Any CPU
		{BFFE3869-ACA1-42F1-A993-3EDED094F78A}.Release|Any CPU.Build.0 = Release|Any CPU
		{5515FCF3-2710-4E1C-A7FC-598F9DD839F6}.Debug|Any CPU.ActiveCfg = Debug|Any CPU
		{5515FCF3-2710-4E1C-A7FC-598F9DD839F6}.Debug|Any CPU.Build.0 = Debug|Any CPU
		{5515FCF3-2710-4E1C-A7FC-598F9DD839F6}.Release|Any CPU.ActiveCfg = Release|Any CPU
		{5515FCF3-2710-4E1C-A7FC-598F9DD839F6}.Release|Any CPU.Build.0 = Release|Any CPU
		{B41A8C2D-8963-4E54-B23F-B4FCB1C1D4A0}.Debug|Any CPU.ActiveCfg = Debug|Any CPU
		{B41A8C2D-8963-4E54-B23F-B4FCB1C1D4A0}.Debug|Any CPU.Build.0 = Debug|Any CPU
		{B41A8C2D-8963-4E54-B23F-B4FCB1C1D4A0}.Release|Any CPU.ActiveCfg = Release|Any CPU
		{B41A8C2D-8963-4E54-B23F-B4FCB1C1D4A0}.Release|Any CPU.Build.0 = Release|Any CPU
	EndGlobalSection
EndGlobal
