
Microsoft Visual Studio Solution File, Format Version 12.00
# Visual Studio Version 17
VisualStudioVersion = 17.0.31903.59
MinimumVisualStudioVersion = 10.0.40219.1
Project("{FAE04EC0-301F-11D3-BF4B-00C04F79EFBC}") = "Day01", "Day01\Day01.csproj", "{D638F24D-B183-4F03-91C8-661521342BE5}"
EndProject
Project("{FAE04EC0-301F-11D3-BF4B-00C04F79EFBC}") = "Day02", "Day02\Day02.csproj", "{8C3A405A-B06C-4A3B-9917-8784A065D7AA}"
EndProject
Project("{FAE04EC0-301F-11D3-BF4B-00C04F79EFBC}") = "Day03", "Day03\Day03.csproj", "{21C340FE-F544-444E-A889-F11A0BC6379E}"
EndProject
Project("{FAE04EC0-301F-11D3-BF4B-00C04F79EFBC}") = "Day04", "Day04\Day04.csproj", "{30A98E49-2697-4431-AC59-A6172B0B6DD7}"
EndProject
Project("{FAE04EC0-301F-11D3-BF4B-00C04F79EFBC}") = "Day05", "Day05\Day05.csproj", "{3B5D1BDB-1D89-4827-820A-15D733413B34}"
EndProject
Project("{FAE04EC0-301F-11D3-BF4B-00C04F79EFBC}") = "Day04Tests", "Day04Tests\Day04Tests.csproj", "{9CC7030C-BB34-4207-AE39-1C1C48898DB8}"
EndProject
Project("{FAE04EC0-301F-11D3-BF4B-00C04F79EFBC}") = "Day05Tests", "Day05Tests\Day05Tests.csproj", "{E1003B76-4CC4-4C6D-8F78-DBEA77DBC523}"
EndProject
Project("{FAE04EC0-301F-11D3-BF4B-00C04F79EFBC}") = "Day06", "Day06\Day06.csproj", "{CD2F003E-1ECD-41C9-A4FC-88631DC29946}"
EndProject
Project("{FAE04EC0-301F-11D3-BF4B-00C04F79EFBC}") = "Day06Tests", "Day06Tests\Day06Tests.csproj", "{5342C8F0-AEB7-4ED2-96F4-061DF2B9965A}"
EndProject
Project("{FAE04EC0-301F-11D3-BF4B-00C04F79EFBC}") = "Day07", "Day07\Day07.csproj", "{03D5C3B9-8640-462F-9810-0B63B8D16984}"
EndProject
Project("{FAE04EC0-301F-11D3-BF4B-00C04F79EFBC}") = "Day07Tests", "Day07Tests\Day07Tests.csproj", "{4655B2CF-E2F2-4032-931E-E9F77E5011E3}"
EndProject
Project("{FAE04EC0-301F-11D3-BF4B-00C04F79EFBC}") = "Day08", "Day08\Day08.csproj", "{0F592DD1-FB29-43DB-A970-47928CD4A360}"
EndProject
Project("{FAE04EC0-301F-11D3-BF4B-00C04F79EFBC}") = "Day08Tests", "Day08Tests\Day08Tests.csproj", "{CACE90E3-E964-4F2E-96CC-C783035C09C2}"
EndProject
Project("{FAE04EC0-301F-11D3-BF4B-00C04F79EFBC}") = "Day11", "Day11\Day11.csproj", "{F5D85589-3F2E-40E4-A546-6D3C906CF31B}"
EndProject
Project("{FAE04EC0-301F-11D3-BF4B-00C04F79EFBC}") = "Day11Tests", "Day11Tests\Day11Tests.csproj", "{77A5647D-4381-469F-8B0E-48DD5B6F25AB}"
EndProject
Project("{FAE04EC0-301F-11D3-BF4B-00C04F79EFBC}") = "Shared", "Shared\Shared.csproj", "{F0A3DC17-3C74-4BCD-8976-114392E2F123}"
EndProject
Project("{FAE04EC0-301F-11D3-BF4B-00C04F79EFBC}") = "Day12", "Day12\Day12.csproj", "{4D3C161D-E124-4A56-AC32-B2AA3E44DA97}"
EndProject
Project("{FAE04EC0-301F-11D3-BF4B-00C04F79EFBC}") = "Day12Tests", "Day12Tests\Day12Tests.csproj", "{D6C64120-8B7E-4662-B9F2-35A43D5B3303}"
EndProject
Project("{FAE04EC0-301F-11D3-BF4B-00C04F79EFBC}") = "Day09", "Day09\Day09.csproj", "{98E8FE35-F0AF-40E5-AF7B-AF3867AFF0C9}"
EndProject
Project("{FAE04EC0-301F-11D3-BF4B-00C04F79EFBC}") = "Day09Tests", "Day09Tests\Day09Tests.csproj", "{3A26DE7B-3169-439E-B951-FA60264D7C55}"
EndProject
Project("{FAE04EC0-301F-11D3-BF4B-00C04F79EFBC}") = "Day10", "Day10\Day10.csproj", "{FE82EF5B-8AF1-4C63-84D3-65E36A4B953B}"
EndProject
Project("{FAE04EC0-301F-11D3-BF4B-00C04F79EFBC}") = "Day10Tests", "Day10Tests\Day10Tests.csproj", "{2F81F694-7129-4CC1-B0AB-8A7240D4DB02}"
EndProject
Project("{FAE04EC0-301F-11D3-BF4B-00C04F79EFBC}") = "Day13", "Day13\Day13.csproj", "{273E45A7-1137-4547-97FB-CB4838C4C683}"
EndProject
Project("{FAE04EC0-301F-11D3-BF4B-00C04F79EFBC}") = "Day13Tests", "Day13Tests\Day13Tests.csproj", "{820BF1CB-8F42-4B6F-89ED-09755B1BB585}"
EndProject
Project("{FAE04EC0-301F-11D3-BF4B-00C04F79EFBC}") = "Day14", "Day14\Day14.csproj", "{C9CC4AB0-10EB-425E-8360-5370C9899C7A}"
EndProject
Project("{FAE04EC0-301F-11D3-BF4B-00C04F79EFBC}") = "Day14Tests", "Day14Tests\Day14Tests.csproj", "{89B74071-3259-42B3-87C3-BADDE459939C}"
EndProject
Project("{FAE04EC0-301F-11D3-BF4B-00C04F79EFBC}") = "Day15", "Day15\Day15.csproj", "{1819ED94-CB0F-4E3C-8175-5988B5489A6A}"
EndProject
Project("{FAE04EC0-301F-11D3-BF4B-00C04F79EFBC}") = "Day15Tests", "Day15Tests\Day15Tests.csproj", "{55179B1D-2395-4C15-B8CC-762093020793}"
EndProject
Project("{FAE04EC0-301F-11D3-BF4B-00C04F79EFBC}") = "Day16", "Day16\Day16.csproj", "{7D59572F-DA4C-4A75-B6E8-C51DB4727596}"
EndProject
Project("{FAE04EC0-301F-11D3-BF4B-00C04F79EFBC}") = "Day16Tests", "Day16Tests\Day16Tests.csproj", "{FEA8761D-DE6B-4CC6-8D23-DB1228115348}"
EndProject
Project("{FAE04EC0-301F-11D3-BF4B-00C04F79EFBC}") = "Day17", "Day17\Day17.csproj", "{F98C2B4B-5A8F-4E38-9010-E79EFD7D917E}"
EndProject
Project("{FAE04EC0-301F-11D3-BF4B-00C04F79EFBC}") = "Day17Tests", "Day17Tests\Day17Tests.csproj", "{4013998E-82F3-4FE7-9A38-3F4182AFAB11}"
EndProject
Global
	GlobalSection(SolutionConfigurationPlatforms) = preSolution
		Debug|Any CPU = Debug|Any CPU
		Release|Any CPU = Release|Any CPU
	EndGlobalSection
	GlobalSection(SolutionProperties) = preSolution
		HideSolutionNode = FALSE
	EndGlobalSection
	GlobalSection(ProjectConfigurationPlatforms) = postSolution
		{D638F24D-B183-4F03-91C8-661521342BE5}.Debug|Any CPU.ActiveCfg = Debug|Any CPU
		{D638F24D-B183-4F03-91C8-661521342BE5}.Debug|Any CPU.Build.0 = Debug|Any CPU
		{D638F24D-B183-4F03-91C8-661521342BE5}.Release|Any CPU.ActiveCfg = Release|Any CPU
		{D638F24D-B183-4F03-91C8-661521342BE5}.Release|Any CPU.Build.0 = Release|Any CPU
		{8C3A405A-B06C-4A3B-9917-8784A065D7AA}.Debug|Any CPU.ActiveCfg = Debug|Any CPU
		{8C3A405A-B06C-4A3B-9917-8784A065D7AA}.Debug|Any CPU.Build.0 = Debug|Any CPU
		{8C3A405A-B06C-4A3B-9917-8784A065D7AA}.Release|Any CPU.ActiveCfg = Release|Any CPU
		{8C3A405A-B06C-4A3B-9917-8784A065D7AA}.Release|Any CPU.Build.0 = Release|Any CPU
		{21C340FE-F544-444E-A889-F11A0BC6379E}.Debug|Any CPU.ActiveCfg = Debug|Any CPU
		{21C340FE-F544-444E-A889-F11A0BC6379E}.Debug|Any CPU.Build.0 = Debug|Any CPU
		{21C340FE-F544-444E-A889-F11A0BC6379E}.Release|Any CPU.ActiveCfg = Release|Any CPU
		{21C340FE-F544-444E-A889-F11A0BC6379E}.Release|Any CPU.Build.0 = Release|Any CPU
		{30A98E49-2697-4431-AC59-A6172B0B6DD7}.Debug|Any CPU.ActiveCfg = Debug|Any CPU
		{30A98E49-2697-4431-AC59-A6172B0B6DD7}.Debug|Any CPU.Build.0 = Debug|Any CPU
		{30A98E49-2697-4431-AC59-A6172B0B6DD7}.Release|Any CPU.ActiveCfg = Release|Any CPU
		{30A98E49-2697-4431-AC59-A6172B0B6DD7}.Release|Any CPU.Build.0 = Release|Any CPU
		{3B5D1BDB-1D89-4827-820A-15D733413B34}.Debug|Any CPU.ActiveCfg = Debug|Any CPU
		{3B5D1BDB-1D89-4827-820A-15D733413B34}.Debug|Any CPU.Build.0 = Debug|Any CPU
		{3B5D1BDB-1D89-4827-820A-15D733413B34}.Release|Any CPU.ActiveCfg = Release|Any CPU
		{3B5D1BDB-1D89-4827-820A-15D733413B34}.Release|Any CPU.Build.0 = Release|Any CPU
		{9CC7030C-BB34-4207-AE39-1C1C48898DB8}.Debug|Any CPU.ActiveCfg = Debug|Any CPU
		{9CC7030C-BB34-4207-AE39-1C1C48898DB8}.Debug|Any CPU.Build.0 = Debug|Any CPU
		{9CC7030C-BB34-4207-AE39-1C1C48898DB8}.Release|Any CPU.ActiveCfg = Release|Any CPU
		{9CC7030C-BB34-4207-AE39-1C1C48898DB8}.Release|Any CPU.Build.0 = Release|Any CPU
		{E1003B76-4CC4-4C6D-8F78-DBEA77DBC523}.Debug|Any CPU.ActiveCfg = Debug|Any CPU
		{E1003B76-4CC4-4C6D-8F78-DBEA77DBC523}.Debug|Any CPU.Build.0 = Debug|Any CPU
		{E1003B76-4CC4-4C6D-8F78-DBEA77DBC523}.Release|Any CPU.ActiveCfg = Release|Any CPU
		{E1003B76-4CC4-4C6D-8F78-DBEA77DBC523}.Release|Any CPU.Build.0 = Release|Any CPU
		{CD2F003E-1ECD-41C9-A4FC-88631DC29946}.Debug|Any CPU.ActiveCfg = Debug|Any CPU
		{CD2F003E-1ECD-41C9-A4FC-88631DC29946}.Debug|Any CPU.Build.0 = Debug|Any CPU
		{CD2F003E-1ECD-41C9-A4FC-88631DC29946}.Release|Any CPU.ActiveCfg = Release|Any CPU
		{CD2F003E-1ECD-41C9-A4FC-88631DC29946}.Release|Any CPU.Build.0 = Release|Any CPU
		{5342C8F0-AEB7-4ED2-96F4-061DF2B9965A}.Debug|Any CPU.ActiveCfg = Debug|Any CPU
		{5342C8F0-AEB7-4ED2-96F4-061DF2B9965A}.Debug|Any CPU.Build.0 = Debug|Any CPU
		{5342C8F0-AEB7-4ED2-96F4-061DF2B9965A}.Release|Any CPU.ActiveCfg = Release|Any CPU
		{5342C8F0-AEB7-4ED2-96F4-061DF2B9965A}.Release|Any CPU.Build.0 = Release|Any CPU
		{03D5C3B9-8640-462F-9810-0B63B8D16984}.Debug|Any CPU.ActiveCfg = Debug|Any CPU
		{03D5C3B9-8640-462F-9810-0B63B8D16984}.Debug|Any CPU.Build.0 = Debug|Any CPU
		{03D5C3B9-8640-462F-9810-0B63B8D16984}.Release|Any CPU.ActiveCfg = Release|Any CPU
		{03D5C3B9-8640-462F-9810-0B63B8D16984}.Release|Any CPU.Build.0 = Release|Any CPU
		{4655B2CF-E2F2-4032-931E-E9F77E5011E3}.Debug|Any CPU.ActiveCfg = Debug|Any CPU
		{4655B2CF-E2F2-4032-931E-E9F77E5011E3}.Debug|Any CPU.Build.0 = Debug|Any CPU
		{4655B2CF-E2F2-4032-931E-E9F77E5011E3}.Release|Any CPU.ActiveCfg = Release|Any CPU
		{4655B2CF-E2F2-4032-931E-E9F77E5011E3}.Release|Any CPU.Build.0 = Release|Any CPU
		{0F592DD1-FB29-43DB-A970-47928CD4A360}.Debug|Any CPU.ActiveCfg = Debug|Any CPU
		{0F592DD1-FB29-43DB-A970-47928CD4A360}.Debug|Any CPU.Build.0 = Debug|Any CPU
		{0F592DD1-FB29-43DB-A970-47928CD4A360}.Release|Any CPU.ActiveCfg = Release|Any CPU
		{0F592DD1-FB29-43DB-A970-47928CD4A360}.Release|Any CPU.Build.0 = Release|Any CPU
		{CACE90E3-E964-4F2E-96CC-C783035C09C2}.Debug|Any CPU.ActiveCfg = Debug|Any CPU
		{CACE90E3-E964-4F2E-96CC-C783035C09C2}.Debug|Any CPU.Build.0 = Debug|Any CPU
		{CACE90E3-E964-4F2E-96CC-C783035C09C2}.Release|Any CPU.ActiveCfg = Release|Any CPU
		{CACE90E3-E964-4F2E-96CC-C783035C09C2}.Release|Any CPU.Build.0 = Release|Any CPU
		{F5D85589-3F2E-40E4-A546-6D3C906CF31B}.Debug|Any CPU.ActiveCfg = Debug|Any CPU
		{F5D85589-3F2E-40E4-A546-6D3C906CF31B}.Debug|Any CPU.Build.0 = Debug|Any CPU
		{F5D85589-3F2E-40E4-A546-6D3C906CF31B}.Release|Any CPU.ActiveCfg = Release|Any CPU
		{F5D85589-3F2E-40E4-A546-6D3C906CF31B}.Release|Any CPU.Build.0 = Release|Any CPU
		{77A5647D-4381-469F-8B0E-48DD5B6F25AB}.Debug|Any CPU.ActiveCfg = Debug|Any CPU
		{77A5647D-4381-469F-8B0E-48DD5B6F25AB}.Debug|Any CPU.Build.0 = Debug|Any CPU
		{77A5647D-4381-469F-8B0E-48DD5B6F25AB}.Release|Any CPU.ActiveCfg = Release|Any CPU
		{77A5647D-4381-469F-8B0E-48DD5B6F25AB}.Release|Any CPU.Build.0 = Release|Any CPU
		{F0A3DC17-3C74-4BCD-8976-114392E2F123}.Debug|Any CPU.ActiveCfg = Debug|Any CPU
		{F0A3DC17-3C74-4BCD-8976-114392E2F123}.Debug|Any CPU.Build.0 = Debug|Any CPU
		{F0A3DC17-3C74-4BCD-8976-114392E2F123}.Release|Any CPU.ActiveCfg = Release|Any CPU
		{F0A3DC17-3C74-4BCD-8976-114392E2F123}.Release|Any CPU.Build.0 = Release|Any CPU
		{4D3C161D-E124-4A56-AC32-B2AA3E44DA97}.Debug|Any CPU.ActiveCfg = Debug|Any CPU
		{4D3C161D-E124-4A56-AC32-B2AA3E44DA97}.Debug|Any CPU.Build.0 = Debug|Any CPU
		{4D3C161D-E124-4A56-AC32-B2AA3E44DA97}.Release|Any CPU.ActiveCfg = Release|Any CPU
		{4D3C161D-E124-4A56-AC32-B2AA3E44DA97}.Release|Any CPU.Build.0 = Release|Any CPU
		{D6C64120-8B7E-4662-B9F2-35A43D5B3303}.Debug|Any CPU.ActiveCfg = Debug|Any CPU
		{D6C64120-8B7E-4662-B9F2-35A43D5B3303}.Debug|Any CPU.Build.0 = Debug|Any CPU
		{D6C64120-8B7E-4662-B9F2-35A43D5B3303}.Release|Any CPU.ActiveCfg = Release|Any CPU
		{D6C64120-8B7E-4662-B9F2-35A43D5B3303}.Release|Any CPU.Build.0 = Release|Any CPU
		{98E8FE35-F0AF-40E5-AF7B-AF3867AFF0C9}.Debug|Any CPU.ActiveCfg = Debug|Any CPU
		{98E8FE35-F0AF-40E5-AF7B-AF3867AFF0C9}.Debug|Any CPU.Build.0 = Debug|Any CPU
		{98E8FE35-F0AF-40E5-AF7B-AF3867AFF0C9}.Release|Any CPU.ActiveCfg = Release|Any CPU
		{98E8FE35-F0AF-40E5-AF7B-AF3867AFF0C9}.Release|Any CPU.Build.0 = Release|Any CPU
		{3A26DE7B-3169-439E-B951-FA60264D7C55}.Debug|Any CPU.ActiveCfg = Debug|Any CPU
		{3A26DE7B-3169-439E-B951-FA60264D7C55}.Debug|Any CPU.Build.0 = Debug|Any CPU
		{3A26DE7B-3169-439E-B951-FA60264D7C55}.Release|Any CPU.ActiveCfg = Release|Any CPU
		{3A26DE7B-3169-439E-B951-FA60264D7C55}.Release|Any CPU.Build.0 = Release|Any CPU
		{FE82EF5B-8AF1-4C63-84D3-65E36A4B953B}.Debug|Any CPU.ActiveCfg = Debug|Any CPU
		{FE82EF5B-8AF1-4C63-84D3-65E36A4B953B}.Debug|Any CPU.Build.0 = Debug|Any CPU
		{FE82EF5B-8AF1-4C63-84D3-65E36A4B953B}.Release|Any CPU.ActiveCfg = Release|Any CPU
		{FE82EF5B-8AF1-4C63-84D3-65E36A4B953B}.Release|Any CPU.Build.0 = Release|Any CPU
		{2F81F694-7129-4CC1-B0AB-8A7240D4DB02}.Debug|Any CPU.ActiveCfg = Debug|Any CPU
		{2F81F694-7129-4CC1-B0AB-8A7240D4DB02}.Debug|Any CPU.Build.0 = Debug|Any CPU
		{2F81F694-7129-4CC1-B0AB-8A7240D4DB02}.Release|Any CPU.ActiveCfg = Release|Any CPU
		{2F81F694-7129-4CC1-B0AB-8A7240D4DB02}.Release|Any CPU.Build.0 = Release|Any CPU
		{273E45A7-1137-4547-97FB-CB4838C4C683}.Debug|Any CPU.ActiveCfg = Debug|Any CPU
		{273E45A7-1137-4547-97FB-CB4838C4C683}.Debug|Any CPU.Build.0 = Debug|Any CPU
		{273E45A7-1137-4547-97FB-CB4838C4C683}.Release|Any CPU.ActiveCfg = Release|Any CPU
		{273E45A7-1137-4547-97FB-CB4838C4C683}.Release|Any CPU.Build.0 = Release|Any CPU
		{820BF1CB-8F42-4B6F-89ED-09755B1BB585}.Debug|Any CPU.ActiveCfg = Debug|Any CPU
		{820BF1CB-8F42-4B6F-89ED-09755B1BB585}.Debug|Any CPU.Build.0 = Debug|Any CPU
		{820BF1CB-8F42-4B6F-89ED-09755B1BB585}.Release|Any CPU.ActiveCfg = Release|Any CPU
		{820BF1CB-8F42-4B6F-89ED-09755B1BB585}.Release|Any CPU.Build.0 = Release|Any CPU
		{C9CC4AB0-10EB-425E-8360-5370C9899C7A}.Debug|Any CPU.ActiveCfg = Debug|Any CPU
		{C9CC4AB0-10EB-425E-8360-5370C9899C7A}.Debug|Any CPU.Build.0 = Debug|Any CPU
		{C9CC4AB0-10EB-425E-8360-5370C9899C7A}.Release|Any CPU.ActiveCfg = Release|Any CPU
		{C9CC4AB0-10EB-425E-8360-5370C9899C7A}.Release|Any CPU.Build.0 = Release|Any CPU
		{89B74071-3259-42B3-87C3-BADDE459939C}.Debug|Any CPU.ActiveCfg = Debug|Any CPU
		{89B74071-3259-42B3-87C3-BADDE459939C}.Debug|Any CPU.Build.0 = Debug|Any CPU
		{89B74071-3259-42B3-87C3-BADDE459939C}.Release|Any CPU.ActiveCfg = Release|Any CPU
		{89B74071-3259-42B3-87C3-BADDE459939C}.Release|Any CPU.Build.0 = Release|Any CPU
		{1819ED94-CB0F-4E3C-8175-5988B5489A6A}.Debug|Any CPU.ActiveCfg = Debug|Any CPU
		{1819ED94-CB0F-4E3C-8175-5988B5489A6A}.Debug|Any CPU.Build.0 = Debug|Any CPU
		{1819ED94-CB0F-4E3C-8175-5988B5489A6A}.Release|Any CPU.ActiveCfg = Release|Any CPU
		{1819ED94-CB0F-4E3C-8175-5988B5489A6A}.Release|Any CPU.Build.0 = Release|Any CPU
		{55179B1D-2395-4C15-B8CC-762093020793}.Debug|Any CPU.ActiveCfg = Debug|Any CPU
		{55179B1D-2395-4C15-B8CC-762093020793}.Debug|Any CPU.Build.0 = Debug|Any CPU
		{55179B1D-2395-4C15-B8CC-762093020793}.Release|Any CPU.ActiveCfg = Release|Any CPU
		{55179B1D-2395-4C15-B8CC-762093020793}.Release|Any CPU.Build.0 = Release|Any CPU
		{7D59572F-DA4C-4A75-B6E8-C51DB4727596}.Debug|Any CPU.ActiveCfg = Debug|Any CPU
		{7D59572F-DA4C-4A75-B6E8-C51DB4727596}.Debug|Any CPU.Build.0 = Debug|Any CPU
		{7D59572F-DA4C-4A75-B6E8-C51DB4727596}.Release|Any CPU.ActiveCfg = Release|Any CPU
		{7D59572F-DA4C-4A75-B6E8-C51DB4727596}.Release|Any CPU.Build.0 = Release|Any CPU
		{FEA8761D-DE6B-4CC6-8D23-DB1228115348}.Debug|Any CPU.ActiveCfg = Debug|Any CPU
		{FEA8761D-DE6B-4CC6-8D23-DB1228115348}.Debug|Any CPU.Build.0 = Debug|Any CPU
		{FEA8761D-DE6B-4CC6-8D23-DB1228115348}.Release|Any CPU.ActiveCfg = Release|Any CPU
		{FEA8761D-DE6B-4CC6-8D23-DB1228115348}.Release|Any CPU.Build.0 = Release|Any CPU
		{F98C2B4B-5A8F-4E38-9010-E79EFD7D917E}.Debug|Any CPU.ActiveCfg = Debug|Any CPU
		{F98C2B4B-5A8F-4E38-9010-E79EFD7D917E}.Debug|Any CPU.Build.0 = Debug|Any CPU
		{F98C2B4B-5A8F-4E38-9010-E79EFD7D917E}.Release|Any CPU.ActiveCfg = Release|Any CPU
		{F98C2B4B-5A8F-4E38-9010-E79EFD7D917E}.Release|Any CPU.Build.0 = Release|Any CPU
		{4013998E-82F3-4FE7-9A38-3F4182AFAB11}.Debug|Any CPU.ActiveCfg = Debug|Any CPU
		{4013998E-82F3-4FE7-9A38-3F4182AFAB11}.Debug|Any CPU.Build.0 = Debug|Any CPU
		{4013998E-82F3-4FE7-9A38-3F4182AFAB11}.Release|Any CPU.ActiveCfg = Release|Any CPU
		{4013998E-82F3-4FE7-9A38-3F4182AFAB11}.Release|Any CPU.Build.0 = Release|Any CPU
	EndGlobalSection
EndGlobal
