
Microsoft Visual Studio Solution File, Format Version 12.00
# Visual Studio Version 17
VisualStudioVersion = 17.0.31903.59
MinimumVisualStudioVersion = 10.0.40219.1
Project("{FAE04EC0-301F-11D3-BF4B-00C04F79EFBC}") = "Day01", "Day01\Day01.csproj", "{D638F24D-B183-4F03-91C8-661521342BE5}"
EndProject
Project("{FAE04EC0-301F-11D3-BF4B-00C04F79EFBC}") = "Day02", "Day02\Day02.csproj", "{8C3A405A-B06C-4A3B-9917-8784A065D7AA}"
EndProject
Project("{FAE04EC0-301F-11D3-BF4B-00C04F79EFBC}") = "Day03", "Day03\Day03.csproj", "{21C340FE-F544-444E-A889-F11A0BC6379E}"
EndProject
Project("{FAE04EC0-301F-11D3-BF4B-00C04F79EFBC}") = "Day04", "Day04\Day04.csproj", "{30A98E49-2697-4431-AC59-A6172B0B6DD7}"
EndProject
Project("{FAE04EC0-301F-11D3-BF4B-00C04F79EFBC}") = "Day05", "Day05\Day05.csproj", "{3B5D1BDB-1D89-4827-820A-15D733413B34}"
EndProject
Project("{FAE04EC0-301F-11D3-BF4B-00C04F79EFBC}") = "Day04Tests", "Day04Tests\Day04Tests.csproj", "{9CC7030C-BB34-4207-AE39-1C1C48898DB8}"
EndProject
Project("{FAE04EC0-301F-11D3-BF4B-00C04F79EFBC}") = "Day05Tests", "Day05Tests\Day05Tests.csproj", "{E1003B76-4CC4-4C6D-8F78-DBEA77DBC523}"
EndProject
Project("{FAE04EC0-301F-11D3-BF4B-00C04F79EFBC}") = "Day06", "Day06\Day06.csproj", "{CD2F003E-1ECD-41C9-A4FC-88631DC29946}"
EndProject
Project("{FAE04EC0-301F-11D3-BF4B-00C04F79EFBC}") = "Day06Tests", "Day06Tests\Day06Tests.csproj", "{5342C8F0-AEB7-4ED2-96F4-061DF2B9965A}"
EndProject
Project("{FAE04EC0-301F-11D3-BF4B-00C04F79EFBC}") = "Day07", "Day07\Day07.csproj", "{03D5C3B9-8640-462F-9810-0B63B8D16984}"
EndProject
Project("{FAE04EC0-301F-11D3-BF4B-00C04F79EFBC}") = "Day07Tests", "Day07Tests\Day07Tests.csproj", "{4655B2CF-E2F2-4032-931E-E9F77E5011E3}"
EndProject
Project("{FAE04EC0-301F-11D3-BF4B-00C04F79EFBC}") = "Day08", "Day08\Day08.csproj", "{0F592DD1-FB29-43DB-A970-47928CD4A360}"
EndProject
Project("{FAE04EC0-301F-11D3-BF4B-00C04F79EFBC}") = "Day08Tests", "Day08Tests\Day08Tests.csproj", "{CACE90E3-E964-4F2E-96CC-C783035C09C2}"
EndProject
Global
	GlobalSection(SolutionConfigurationPlatforms) = preSolution
		Debug|Any CPU = Debug|Any CPU
		Release|Any CPU = Release|Any CPU
	EndGlobalSection
	GlobalSection(SolutionProperties) = preSolution
		HideSolutionNode = FALSE
	EndGlobalSection
	GlobalSection(ProjectConfigurationPlatforms) = postSolution
		{D638F24D-B183-4F03-91C8-661521342BE5}.Debug|Any CPU.ActiveCfg = Debug|Any CPU
		{D638F24D-B183-4F03-91C8-661521342BE5}.Debug|Any CPU.Build.0 = Debug|Any CPU
		{D638F24D-B183-4F03-91C8-661521342BE5}.Release|Any CPU.ActiveCfg = Release|Any CPU
		{D638F24D-B183-4F03-91C8-661521342BE5}.Release|Any CPU.Build.0 = Release|Any CPU
		{8C3A405A-B06C-4A3B-9917-8784A065D7AA}.Debug|Any CPU.ActiveCfg = Debug|Any CPU
		{8C3A405A-B06C-4A3B-9917-8784A065D7AA}.Debug|Any CPU.Build.0 = Debug|Any CPU
		{8C3A405A-B06C-4A3B-9917-8784A065D7AA}.Release|Any CPU.ActiveCfg = Release|Any CPU
		{8C3A405A-B06C-4A3B-9917-8784A065D7AA}.Release|Any CPU.Build.0 = Release|Any CPU
		{21C340FE-F544-444E-A889-F11A0BC6379E}.Debug|Any CPU.ActiveCfg = Debug|Any CPU
		{21C340FE-F544-444E-A889-F11A0BC6379E}.Debug|Any CPU.Build.0 = Debug|Any CPU
		{21C340FE-F544-444E-A889-F11A0BC6379E}.Release|Any CPU.ActiveCfg = Release|Any CPU
		{21C340FE-F544-444E-A889-F11A0BC6379E}.Release|Any CPU.Build.0 = Release|Any CPU
		{30A98E49-2697-4431-AC59-A6172B0B6DD7}.Debug|Any CPU.ActiveCfg = Debug|Any CPU
		{30A98E49-2697-4431-AC59-A6172B0B6DD7}.Debug|Any CPU.Build.0 = Debug|Any CPU
		{30A98E49-2697-4431-AC59-A6172B0B6DD7}.Release|Any CPU.ActiveCfg = Release|Any CPU
		{30A98E49-2697-4431-AC59-A6172B0B6DD7}.Release|Any CPU.Build.0 = Release|Any CPU
		{3B5D1BDB-1D89-4827-820A-15D733413B34}.Debug|Any CPU.ActiveCfg = Debug|Any CPU
		{3B5D1BDB-1D89-4827-820A-15D733413B34}.Debug|Any CPU.Build.0 = Debug|Any CPU
		{3B5D1BDB-1D89-4827-820A-15D733413B34}.Release|Any CPU.ActiveCfg = Release|Any CPU
		{3B5D1BDB-1D89-4827-820A-15D733413B34}.Release|Any CPU.Build.0 = Release|Any CPU
		{9CC7030C-BB34-4207-AE39-1C1C48898DB8}.Debug|Any CPU.ActiveCfg = Debug|Any CPU
		{9CC7030C-BB34-4207-AE39-1C1C48898DB8}.Debug|Any CPU.Build.0 = Debug|Any CPU
		{9CC7030C-BB34-4207-AE39-1C1C48898DB8}.Release|Any CPU.ActiveCfg = Release|Any CPU
		{9CC7030C-BB34-4207-AE39-1C1C48898DB8}.Release|Any CPU.Build.0 = Release|Any CPU
		{E1003B76-4CC4-4C6D-8F78-DBEA77DBC523}.Debug|Any CPU.ActiveCfg = Debug|Any CPU
		{E1003B76-4CC4-4C6D-8F78-DBEA77DBC523}.Debug|Any CPU.Build.0 = Debug|Any CPU
		{E1003B76-4CC4-4C6D-8F78-DBEA77DBC523}.Release|Any CPU.ActiveCfg = Release|Any CPU
		{E1003B76-4CC4-4C6D-8F78-DBEA77DBC523}.Release|Any CPU.Build.0 = Release|Any CPU
		{CD2F003E-1ECD-41C9-A4FC-88631DC29946}.Debug|Any CPU.ActiveCfg = Debug|Any CPU
		{CD2F003E-1ECD-41C9-A4FC-88631DC29946}.Debug|Any CPU.Build.0 = Debug|Any CPU
		{CD2F003E-1ECD-41C9-A4FC-88631DC29946}.Release|Any CPU.ActiveCfg = Release|Any CPU
		{CD2F003E-1ECD-41C9-A4FC-88631DC29946}.Release|Any CPU.Build.0 = Release|Any CPU
		{5342C8F0-AEB7-4ED2-96F4-061DF2B9965A}.Debug|Any CPU.ActiveCfg = Debug|Any CPU
		{5342C8F0-AEB7-4ED2-96F4-061DF2B9965A}.Debug|Any CPU.Build.0 = Debug|Any CPU
		{5342C8F0-AEB7-4ED2-96F4-061DF2B9965A}.Release|Any CPU.ActiveCfg = Release|Any CPU
		{5342C8F0-AEB7-4ED2-96F4-061DF2B9965A}.Release|Any CPU.Build.0 = Release|Any CPU
		{03D5C3B9-8640-462F-9810-0B63B8D16984}.Debug|Any CPU.ActiveCfg = Debug|Any CPU
		{03D5C3B9-8640-462F-9810-0B63B8D16984}.Debug|Any CPU.Build.0 = Debug|Any CPU
		{03D5C3B9-8640-462F-9810-0B63B8D16984}.Release|Any CPU.ActiveCfg = Release|Any CPU
		{03D5C3B9-8640-462F-9810-0B63B8D16984}.Release|Any CPU.Build.0 = Release|Any CPU
		{4655B2CF-E2F2-4032-931E-E9F77E5011E3}.Debug|Any CPU.ActiveCfg = Debug|Any CPU
		{4655B2CF-E2F2-4032-931E-E9F77E5011E3}.Debug|Any CPU.Build.0 = Debug|Any CPU
		{4655B2CF-E2F2-4032-931E-E9F77E5011E3}.Release|Any CPU.ActiveCfg = Release|Any CPU
		{4655B2CF-E2F2-4032-931E-E9F77E5011E3}.Release|Any CPU.Build.0 = Release|Any CPU
		{0F592DD1-FB29-43DB-A970-47928CD4A360}.Debug|Any CPU.ActiveCfg = Debug|Any CPU
		{0F592DD1-FB29-43DB-A970-47928CD4A360}.Debug|Any CPU.Build.0 = Debug|Any CPU
		{0F592DD1-FB29-43DB-A970-47928CD4A360}.Release|Any CPU.ActiveCfg = Release|Any CPU
		{0F592DD1-FB29-43DB-A970-47928CD4A360}.Release|Any CPU.Build.0 = Release|Any CPU
		{CACE90E3-E964-4F2E-96CC-C783035C09C2}.Debug|Any CPU.ActiveCfg = Debug|Any CPU
		{CACE90E3-E964-4F2E-96CC-C783035C09C2}.Debug|Any CPU.Build.0 = Debug|Any CPU
		{CACE90E3-E964-4F2E-96CC-C783035C09C2}.Release|Any CPU.ActiveCfg = Release|Any CPU
		{CACE90E3-E964-4F2E-96CC-C783035C09C2}.Release|Any CPU.Build.0 = Release|Any CPU
	EndGlobalSection
EndGlobal
